
Microsoft Visual Studio Solution File, Format Version 12.00
# Visual Studio Version 16
VisualStudioVersion = 16.0.28822.285
MinimumVisualStudioVersion = 15.0.26124.0
Project("{9A19103F-16F7-4668-BE54-9A1E7A4F7556}") = "AliceInventory", "AliceInventory\AliceInventory.csproj", "{0B43AA87-C11A-4792-A8CD-C4CFE76C34CC}"
EndProject
Project("{FAE04EC0-301F-11D3-BF4B-00C04F79EFBC}") = "AliceInventory.IntegrationTests", "AliceInventory.IntegrationTests\AliceInventory.IntegrationTests.csproj", "{1F5734DC-9D9A-4DB6-8FD8-1B8A6A2000C2}"
EndProject
Project("{FAE04EC0-301F-11D3-BF4B-00C04F79EFBC}") = "AliceInventory.UnitTests", "AliceInventory.UnitTests\AliceInventory.UnitTests.csproj", "{5C829623-DC0D-4E2C-B0AF-201DBBEBE7DF}"
EndProject
Global
	GlobalSection(SolutionConfigurationPlatforms) = preSolution
		Debug|Any CPU = Debug|Any CPU
		Debug|x64 = Debug|x64
		Debug|x86 = Debug|x86
		Release|Any CPU = Release|Any CPU
		Release|x64 = Release|x64
		Release|x86 = Release|x86
	EndGlobalSection
	GlobalSection(ProjectConfigurationPlatforms) = postSolution
		{0B43AA87-C11A-4792-A8CD-C4CFE76C34CC}.Debug|Any CPU.ActiveCfg = Debug|Any CPU
		{0B43AA87-C11A-4792-A8CD-C4CFE76C34CC}.Debug|Any CPU.Build.0 = Debug|Any CPU
		{0B43AA87-C11A-4792-A8CD-C4CFE76C34CC}.Debug|x64.ActiveCfg = Debug|Any CPU
		{0B43AA87-C11A-4792-A8CD-C4CFE76C34CC}.Debug|x64.Build.0 = Debug|Any CPU
		{0B43AA87-C11A-4792-A8CD-C4CFE76C34CC}.Debug|x86.ActiveCfg = Debug|Any CPU
		{0B43AA87-C11A-4792-A8CD-C4CFE76C34CC}.Debug|x86.Build.0 = Debug|Any CPU
		{0B43AA87-C11A-4792-A8CD-C4CFE76C34CC}.Release|Any CPU.ActiveCfg = Release|Any CPU
		{0B43AA87-C11A-4792-A8CD-C4CFE76C34CC}.Release|Any CPU.Build.0 = Release|Any CPU
		{0B43AA87-C11A-4792-A8CD-C4CFE76C34CC}.Release|x64.ActiveCfg = Release|Any CPU
		{0B43AA87-C11A-4792-A8CD-C4CFE76C34CC}.Release|x64.Build.0 = Release|Any CPU
		{0B43AA87-C11A-4792-A8CD-C4CFE76C34CC}.Release|x86.ActiveCfg = Release|Any CPU
		{0B43AA87-C11A-4792-A8CD-C4CFE76C34CC}.Release|x86.Build.0 = Release|Any CPU
		{1F5734DC-9D9A-4DB6-8FD8-1B8A6A2000C2}.Debug|Any CPU.ActiveCfg = Debug|Any CPU
		{1F5734DC-9D9A-4DB6-8FD8-1B8A6A2000C2}.Debug|Any CPU.Build.0 = Debug|Any CPU
		{1F5734DC-9D9A-4DB6-8FD8-1B8A6A2000C2}.Debug|x64.ActiveCfg = Debug|Any CPU
		{1F5734DC-9D9A-4DB6-8FD8-1B8A6A2000C2}.Debug|x64.Build.0 = Debug|Any CPU
		{1F5734DC-9D9A-4DB6-8FD8-1B8A6A2000C2}.Debug|x86.ActiveCfg = Debug|Any CPU
		{1F5734DC-9D9A-4DB6-8FD8-1B8A6A2000C2}.Debug|x86.Build.0 = Debug|Any CPU
		{1F5734DC-9D9A-4DB6-8FD8-1B8A6A2000C2}.Release|Any CPU.ActiveCfg = Release|Any CPU
		{1F5734DC-9D9A-4DB6-8FD8-1B8A6A2000C2}.Release|Any CPU.Build.0 = Release|Any CPU
		{1F5734DC-9D9A-4DB6-8FD8-1B8A6A2000C2}.Release|x64.ActiveCfg = Release|Any CPU
		{1F5734DC-9D9A-4DB6-8FD8-1B8A6A2000C2}.Release|x64.Build.0 = Release|Any CPU
		{1F5734DC-9D9A-4DB6-8FD8-1B8A6A2000C2}.Release|x86.ActiveCfg = Release|Any CPU
		{1F5734DC-9D9A-4DB6-8FD8-1B8A6A2000C2}.Release|x86.Build.0 = Release|Any CPU
		{EC3BB7D2-8343-46B0-AB7A-41B27AFC5926}.Debug|Any CPU.ActiveCfg = Debug|Any CPU
		{EC3BB7D2-8343-46B0-AB7A-41B27AFC5926}.Debug|Any CPU.Build.0 = Debug|Any CPU
		{EC3BB7D2-8343-46B0-AB7A-41B27AFC5926}.Debug|x64.ActiveCfg = Debug|Any CPU
		{EC3BB7D2-8343-46B0-AB7A-41B27AFC5926}.Debug|x64.Build.0 = Debug|Any CPU
		{EC3BB7D2-8343-46B0-AB7A-41B27AFC5926}.Debug|x86.ActiveCfg = Debug|Any CPU
		{EC3BB7D2-8343-46B0-AB7A-41B27AFC5926}.Debug|x86.Build.0 = Debug|Any CPU
		{EC3BB7D2-8343-46B0-AB7A-41B27AFC5926}.Release|Any CPU.ActiveCfg = Release|Any CPU
		{EC3BB7D2-8343-46B0-AB7A-41B27AFC5926}.Release|Any CPU.Build.0 = Release|Any CPU
		{EC3BB7D2-8343-46B0-AB7A-41B27AFC5926}.Release|x64.ActiveCfg = Release|Any CPU
		{EC3BB7D2-8343-46B0-AB7A-41B27AFC5926}.Release|x64.Build.0 = Release|Any CPU
		{EC3BB7D2-8343-46B0-AB7A-41B27AFC5926}.Release|x86.ActiveCfg = Release|Any CPU
		{EC3BB7D2-8343-46B0-AB7A-41B27AFC5926}.Release|x86.Build.0 = Release|Any CPU
		{5C829623-DC0D-4E2C-B0AF-201DBBEBE7DF}.Debug|Any CPU.ActiveCfg = Debug|Any CPU
		{5C829623-DC0D-4E2C-B0AF-201DBBEBE7DF}.Debug|Any CPU.Build.0 = Debug|Any CPU
		{5C829623-DC0D-4E2C-B0AF-201DBBEBE7DF}.Debug|x64.ActiveCfg = Debug|Any CPU
		{5C829623-DC0D-4E2C-B0AF-201DBBEBE7DF}.Debug|x64.Build.0 = Debug|Any CPU
		{5C829623-DC0D-4E2C-B0AF-201DBBEBE7DF}.Debug|x86.ActiveCfg = Debug|Any CPU
		{5C829623-DC0D-4E2C-B0AF-201DBBEBE7DF}.Debug|x86.Build.0 = Debug|Any CPU
		{5C829623-DC0D-4E2C-B0AF-201DBBEBE7DF}.Release|Any CPU.ActiveCfg = Release|Any CPU
		{5C829623-DC0D-4E2C-B0AF-201DBBEBE7DF}.Release|Any CPU.Build.0 = Release|Any CPU
		{5C829623-DC0D-4E2C-B0AF-201DBBEBE7DF}.Release|x64.ActiveCfg = Release|Any CPU
		{5C829623-DC0D-4E2C-B0AF-201DBBEBE7DF}.Release|x64.Build.0 = Release|Any CPU
		{5C829623-DC0D-4E2C-B0AF-201DBBEBE7DF}.Release|x86.ActiveCfg = Release|Any CPU
		{5C829623-DC0D-4E2C-B0AF-201DBBEBE7DF}.Release|x86.Build.0 = Release|Any CPU
	EndGlobalSection
	GlobalSection(SolutionProperties) = preSolution
		HideSolutionNode = FALSE
	EndGlobalSection
	GlobalSection(ExtensibilityGlobals) = postSolution
		SolutionGuid = {A58E894F-7527-41FA-9BD2-1BAD0FD27A54}
	EndGlobalSection
EndGlobal
